
Microsoft Visual Studio Solution File, Format Version 12.00
# Visual Studio Version 16
VisualStudioVersion = 16.0.29306.81
MinimumVisualStudioVersion = 10.0.40219.1
Project("{FAE04EC0-301F-11D3-BF4B-00C04F79EFBC}") = "AppClima", "AppClima.csproj", "{810D7D90-B45E-430A-90E7-D6EB459049BA}"
EndProject
Global
	GlobalSection(SolutionConfigurationPlatforms) = preSolution
		Debug|Any CPU = Debug|Any CPU
		Release|Any CPU = Release|Any CPU
	EndGlobalSection
	GlobalSection(ProjectConfigurationPlatforms) = postSolution
		{810D7D90-B45E-430A-90E7-D6EB459049BA}.Debug|Any CPU.ActiveCfg = Debug|Any CPU
		{810D7D90-B45E-430A-90E7-D6EB459049BA}.Debug|Any CPU.Build.0 = Debug|Any CPU
		{810D7D90-B45E-430A-90E7-D6EB459049BA}.Release|Any CPU.ActiveCfg = Release|Any CPU
		{810D7D90-B45E-430A-90E7-D6EB459049BA}.Release|Any CPU.Build.0 = Release|Any CPU
	EndGlobalSection
	GlobalSection(SolutionProperties) = preSolution
		HideSolutionNode = FALSE
	EndGlobalSection
	GlobalSection(ExtensibilityGlobals) = postSolution
		SolutionGuid = {54FF0B71-D6E6-4AB1-8C39-E7F1E13D4881}
	EndGlobalSection
EndGlobal
